
Microsoft Visual Studio Solution File, Format Version 12.00
# Visual Studio 15
VisualStudioVersion = 15.0.27130.2010
MinimumVisualStudioVersion = 10.0.40219.1
Project("{8BC9CEB8-8B4A-11D0-8D11-00A0C91BC942}") = "GuiAbstraction", "GuiAbstraction\GuiAbstraction.vcxproj", "{3817A61D-CC39-4BCC-85ED-E3B637CFC95D}"
EndProject
Global
	GlobalSection(SolutionConfigurationPlatforms) = preSolution
		Debug|x64 = Debug|x64
		Debug|x86 = Debug|x86
		Release|x64 = Release|x64
		Release|x86 = Release|x86
	EndGlobalSection
	GlobalSection(ProjectConfigurationPlatforms) = postSolution
		{3817A61D-CC39-4BCC-85ED-E3B637CFC95D}.Debug|x64.ActiveCfg = Debug|x64
		{3817A61D-CC39-4BCC-85ED-E3B637CFC95D}.Debug|x64.Build.0 = Debug|x64
		{3817A61D-CC39-4BCC-85ED-E3B637CFC95D}.Debug|x86.ActiveCfg = Debug|Win32
		{3817A61D-CC39-4BCC-85ED-E3B637CFC95D}.Debug|x86.Build.0 = Debug|Win32
		{3817A61D-CC39-4BCC-85ED-E3B637CFC95D}.Release|x64.ActiveCfg = Release|x64
		{3817A61D-CC39-4BCC-85ED-E3B637CFC95D}.Release|x64.Build.0 = Release|x64
		{3817A61D-CC39-4BCC-85ED-E3B637CFC95D}.Release|x86.ActiveCfg = Release|Win32
		{3817A61D-CC39-4BCC-85ED-E3B637CFC95D}.Release|x86.Build.0 = Release|Win32
	EndGlobalSection
	GlobalSection(SolutionProperties) = preSolution
		HideSolutionNode = FALSE
	EndGlobalSection
	GlobalSection(ExtensibilityGlobals) = postSolution
		SolutionGuid = {99528C25-AD38-47AF-AD0E-653903368739}
	EndGlobalSection
EndGlobal
